// !$*UTF8*$!
{
	archiveVersion = 1;
	classes = {
	};
	objectVersion = 77;
	objects = {

/* Begin PBXContainerItemProxy section */
		FE03EBF42D5DEA59008E9DF5 /* PBXContainerItemProxy */ = {
			isa = PBXContainerItemProxy;
			containerPortal = FE03EBDB2D5DEA58008E9DF5 /* Project object */;
			proxyType = 1;
			remoteGlobalIDString = FE03EBE22D5DEA58008E9DF5;
			remoteInfo = Joiefull;
		};
		FE03EBFE2D5DEA59008E9DF5 /* PBXContainerItemProxy */ = {
			isa = PBXContainerItemProxy;
			containerPortal = FE03EBDB2D5DEA58008E9DF5 /* Project object */;
			proxyType = 1;
			remoteGlobalIDString = FE03EBE22D5DEA58008E9DF5;
			remoteInfo = Joiefull;
		};
/* End PBXContainerItemProxy section */

/* Begin PBXFileReference section */
		FE03EBE32D5DEA58008E9DF5 /* Joiefull.app */ = {isa = PBXFileReference; explicitFileType = wrapper.application; includeInIndex = 0; path = Joiefull.app; sourceTree = BUILT_PRODUCTS_DIR; };
		FE03EBF32D5DEA59008E9DF5 /* JoiefullTests.xctest */ = {isa = PBXFileReference; explicitFileType = wrapper.cfbundle; includeInIndex = 0; path = JoiefullTests.xctest; sourceTree = BUILT_PRODUCTS_DIR; };
		FE03EBFD2D5DEA59008E9DF5 /* JoiefullUITests.xctest */ = {isa = PBXFileReference; explicitFileType = wrapper.cfbundle; includeInIndex = 0; path = JoiefullUITests.xctest; sourceTree = BUILT_PRODUCTS_DIR; };
/* End PBXFileReference section */

/* Begin PBXFileSystemSynchronizedBuildFileExceptionSet section */
		FE09D7A02D61F68F005CBD65 /* Exceptions for "Joiefull" folder in "Joiefull" target */ = {
			isa = PBXFileSystemSynchronizedBuildFileExceptionSet;
			membershipExceptions = (
				Info.plist,
			);
			target = FE03EBE22D5DEA58008E9DF5 /* Joiefull */;
		};
/* End PBXFileSystemSynchronizedBuildFileExceptionSet section */

/* Begin PBXFileSystemSynchronizedRootGroup section */
		FE03EBE52D5DEA58008E9DF5 /* Joiefull */ = {
			isa = PBXFileSystemSynchronizedRootGroup;
			exceptions = (
				FE09D7A02D61F68F005CBD65 /* Exceptions for "Joiefull" folder in "Joiefull" target */,
			);
			path = Joiefull;
			sourceTree = "<group>";
		};
		FE03EBF62D5DEA59008E9DF5 /* JoiefullTests */ = {
			isa = PBXFileSystemSynchronizedRootGroup;
			path = JoiefullTests;
			sourceTree = "<group>";
		};
		FE03EC002D5DEA59008E9DF5 /* JoiefullUITests */ = {
			isa = PBXFileSystemSynchronizedRootGroup;
			path = JoiefullUITests;
			sourceTree = "<group>";
		};
/* End PBXFileSystemSynchronizedRootGroup section */

/* Begin PBXFrameworksBuildPhase section */
		FE03EBE02D5DEA58008E9DF5 /* Frameworks */ = {
			isa = PBXFrameworksBuildPhase;
			buildActionMask = 2147483647;
			files = (
			);
			runOnlyForDeploymentPostprocessing = 0;
		};
		FE03EBF02D5DEA59008E9DF5 /* Frameworks */ = {
			isa = PBXFrameworksBuildPhase;
			buildActionMask = 2147483647;
			files = (
			);
			runOnlyForDeploymentPostprocessing = 0;
		};
		FE03EBFA2D5DEA59008E9DF5 /* Frameworks */ = {
			isa = PBXFrameworksBuildPhase;
			buildActionMask = 2147483647;
			files = (
			);
			runOnlyForDeploymentPostprocessing = 0;
		};
/* End PBXFrameworksBuildPhase section */

/* Begin PBXGroup section */
		FE03EBDA2D5DEA58008E9DF5 = {
			isa = PBXGroup;
			children = (
				FE03EBE52D5DEA58008E9DF5 /* Joiefull */,
				FE03EBF62D5DEA59008E9DF5 /* JoiefullTests */,
				FE03EC002D5DEA59008E9DF5 /* JoiefullUITests */,
				FE03EBE42D5DEA58008E9DF5 /* Products */,
			);
			sourceTree = "<group>";
		};
		FE03EBE42D5DEA58008E9DF5 /* Products */ = {
			isa = PBXGroup;
			children = (
				FE03EBE32D5DEA58008E9DF5 /* Joiefull.app */,
				FE03EBF32D5DEA59008E9DF5 /* JoiefullTests.xctest */,
				FE03EBFD2D5DEA59008E9DF5 /* JoiefullUITests.xctest */,
			);
			name = Products;
			sourceTree = "<group>";
		};
/* End PBXGroup section */

/* Begin PBXNativeTarget section */
		FE03EBE22D5DEA58008E9DF5 /* Joiefull */ = {
			isa = PBXNativeTarget;
			buildConfigurationList = FE03EC072D5DEA59008E9DF5 /* Build configuration list for PBXNativeTarget "Joiefull" */;
			buildPhases = (
				FE03EBDF2D5DEA58008E9DF5 /* Sources */,
				FE03EBE02D5DEA58008E9DF5 /* Frameworks */,
				FE03EBE12D5DEA58008E9DF5 /* Resources */,
			);
			buildRules = (
			);
			dependencies = (
			);
			fileSystemSynchronizedGroups = (
				FE03EBE52D5DEA58008E9DF5 /* Joiefull */,
			);
			name = Joiefull;
			packageProductDependencies = (
			);
			productName = Joiefull;
			productReference = FE03EBE32D5DEA58008E9DF5 /* Joiefull.app */;
			productType = "com.apple.product-type.application";
		};
		FE03EBF22D5DEA59008E9DF5 /* JoiefullTests */ = {
			isa = PBXNativeTarget;
			buildConfigurationList = FE03EC0A2D5DEA59008E9DF5 /* Build configuration list for PBXNativeTarget "JoiefullTests" */;
			buildPhases = (
				FE03EBEF2D5DEA59008E9DF5 /* Sources */,
				FE03EBF02D5DEA59008E9DF5 /* Frameworks */,
				FE03EBF12D5DEA59008E9DF5 /* Resources */,
			);
			buildRules = (
			);
			dependencies = (
				FE03EBF52D5DEA59008E9DF5 /* PBXTargetDependency */,
			);
			fileSystemSynchronizedGroups = (
				FE03EBF62D5DEA59008E9DF5 /* JoiefullTests */,
			);
			name = JoiefullTests;
			packageProductDependencies = (
			);
			productName = JoiefullTests;
			productReference = FE03EBF32D5DEA59008E9DF5 /* JoiefullTests.xctest */;
			productType = "com.apple.product-type.bundle.unit-test";
		};
		FE03EBFC2D5DEA59008E9DF5 /* JoiefullUITests */ = {
			isa = PBXNativeTarget;
			buildConfigurationList = FE03EC0D2D5DEA59008E9DF5 /* Build configuration list for PBXNativeTarget "JoiefullUITests" */;
			buildPhases = (
				FE03EBF92D5DEA59008E9DF5 /* Sources */,
				FE03EBFA2D5DEA59008E9DF5 /* Frameworks */,
				FE03EBFB2D5DEA59008E9DF5 /* Resources */,
			);
			buildRules = (
			);
			dependencies = (
				FE03EBFF2D5DEA59008E9DF5 /* PBXTargetDependency */,
			);
			fileSystemSynchronizedGroups = (
				FE03EC002D5DEA59008E9DF5 /* JoiefullUITests */,
			);
			name = JoiefullUITests;
			packageProductDependencies = (
			);
			productName = JoiefullUITests;
			productReference = FE03EBFD2D5DEA59008E9DF5 /* JoiefullUITests.xctest */;
			productType = "com.apple.product-type.bundle.ui-testing";
		};
/* End PBXNativeTarget section */

/* Begin PBXProject section */
		FE03EBDB2D5DEA58008E9DF5 /* Project object */ = {
			isa = PBXProject;
			attributes = {
				BuildIndependentTargetsInParallel = 1;
				LastSwiftUpdateCheck = 1620;
				LastUpgradeCheck = 1620;
				TargetAttributes = {
					FE03EBE22D5DEA58008E9DF5 = {
						CreatedOnToolsVersion = 16.2;
					};
					FE03EBF22D5DEA59008E9DF5 = {
						CreatedOnToolsVersion = 16.2;
						TestTargetID = FE03EBE22D5DEA58008E9DF5;
					};
					FE03EBFC2D5DEA59008E9DF5 = {
						CreatedOnToolsVersion = 16.2;
						TestTargetID = FE03EBE22D5DEA58008E9DF5;
					};
				};
			};
			buildConfigurationList = FE03EBDE2D5DEA58008E9DF5 /* Build configuration list for PBXProject "Joiefull" */;
			developmentRegion = en;
			hasScannedForEncodings = 0;
			knownRegions = (
				en,
				Base,
				fr,
			);
			mainGroup = FE03EBDA2D5DEA58008E9DF5;
			minimizedProjectReferenceProxies = 1;
			preferredProjectObjectVersion = 77;
			productRefGroup = FE03EBE42D5DEA58008E9DF5 /* Products */;
			projectDirPath = "";
			projectRoot = "";
			targets = (
				FE03EBE22D5DEA58008E9DF5 /* Joiefull */,
				FE03EBF22D5DEA59008E9DF5 /* JoiefullTests */,
				FE03EBFC2D5DEA59008E9DF5 /* JoiefullUITests */,
			);
		};
/* End PBXProject section */

/* Begin PBXResourcesBuildPhase section */
		FE03EBE12D5DEA58008E9DF5 /* Resources */ = {
			isa = PBXResourcesBuildPhase;
			buildActionMask = 2147483647;
			files = (
			);
			runOnlyForDeploymentPostprocessing = 0;
		};
		FE03EBF12D5DEA59008E9DF5 /* Resources */ = {
			isa = PBXResourcesBuildPhase;
			buildActionMask = 2147483647;
			files = (
			);
			runOnlyForDeploymentPostprocessing = 0;
		};
		FE03EBFB2D5DEA59008E9DF5 /* Resources */ = {
			isa = PBXResourcesBuildPhase;
			buildActionMask = 2147483647;
			files = (
			);
			runOnlyForDeploymentPostprocessing = 0;
		};
/* End PBXResourcesBuildPhase section */

/* Begin PBXSourcesBuildPhase section */
		FE03EBDF2D5DEA58008E9DF5 /* Sources */ = {
			isa = PBXSourcesBuildPhase;
			buildActionMask = 2147483647;
			files = (
			);
			runOnlyForDeploymentPostprocessing = 0;
		};
		FE03EBEF2D5DEA59008E9DF5 /* Sources */ = {
			isa = PBXSourcesBuildPhase;
			buildActionMask = 2147483647;
			files = (
			);
			runOnlyForDeploymentPostprocessing = 0;
		};
		FE03EBF92D5DEA59008E9DF5 /* Sources */ = {
			isa = PBXSourcesBuildPhase;
			buildActionMask = 2147483647;
			files = (
			);
			runOnlyForDeploymentPostprocessing = 0;
		};
/* End PBXSourcesBuildPhase section */

/* Begin PBXTargetDependency section */
		FE03EBF52D5DEA59008E9DF5 /* PBXTargetDependency */ = {
			isa = PBXTargetDependency;
			target = FE03EBE22D5DEA58008E9DF5 /* Joiefull */;
			targetProxy = FE03EBF42D5DEA59008E9DF5 /* PBXContainerItemProxy */;
		};
		FE03EBFF2D5DEA59008E9DF5 /* PBXTargetDependency */ = {
			isa = PBXTargetDependency;
			target = FE03EBE22D5DEA58008E9DF5 /* Joiefull */;
			targetProxy = FE03EBFE2D5DEA59008E9DF5 /* PBXContainerItemProxy */;
		};
/* End PBXTargetDependency section */

/* Begin XCBuildConfiguration section */
		FE03EC052D5DEA59008E9DF5 /* Debug */ = {
			isa = XCBuildConfiguration;
			buildSettings = {
				ALWAYS_SEARCH_USER_PATHS = NO;
				ASSETCATALOG_COMPILER_GENERATE_SWIFT_ASSET_SYMBOL_EXTENSIONS = YES;
				CLANG_ANALYZER_LOCALIZABILITY_NONLOCALIZED = YES;
				CLANG_ANALYZER_NONNULL = YES;
				CLANG_ANALYZER_NUMBER_OBJECT_CONVERSION = YES_AGGRESSIVE;
				CLANG_CXX_LANGUAGE_STANDARD = "gnu++20";
				CLANG_ENABLE_MODULES = YES;
				CLANG_ENABLE_OBJC_ARC = YES;
				CLANG_ENABLE_OBJC_WEAK = YES;
				CLANG_WARN_BLOCK_CAPTURE_AUTORELEASING = YES;
				CLANG_WARN_BOOL_CONVERSION = YES;
				CLANG_WARN_COMMA = YES;
				CLANG_WARN_CONSTANT_CONVERSION = YES;
				CLANG_WARN_DEPRECATED_OBJC_IMPLEMENTATIONS = YES;
				CLANG_WARN_DIRECT_OBJC_ISA_USAGE = YES_ERROR;
				CLANG_WARN_DOCUMENTATION_COMMENTS = YES;
				CLANG_WARN_EMPTY_BODY = YES;
				CLANG_WARN_ENUM_CONVERSION = YES;
				CLANG_WARN_INFINITE_RECURSION = YES;
				CLANG_WARN_INT_CONVERSION = YES;
				CLANG_WARN_NON_LITERAL_NULL_CONVERSION = YES;
				CLANG_WARN_OBJC_IMPLICIT_RETAIN_SELF = YES;
				CLANG_WARN_OBJC_LITERAL_CONVERSION = YES;
				CLANG_WARN_OBJC_ROOT_CLASS = YES_ERROR;
				CLANG_WARN_QUOTED_INCLUDE_IN_FRAMEWORK_HEADER = YES;
				CLANG_WARN_RANGE_LOOP_ANALYSIS = YES;
				CLANG_WARN_STRICT_PROTOTYPES = YES;
				CLANG_WARN_SUSPICIOUS_MOVE = YES;
				CLANG_WARN_UNGUARDED_AVAILABILITY = YES_AGGRESSIVE;
				CLANG_WARN_UNREACHABLE_CODE = YES;
				CLANG_WARN__DUPLICATE_METHOD_MATCH = YES;
				COPY_PHASE_STRIP = NO;
				DEBUG_INFORMATION_FORMAT = dwarf;
				ENABLE_STRICT_OBJC_MSGSEND = YES;
				ENABLE_TESTABILITY = YES;
				ENABLE_USER_SCRIPT_SANDBOXING = YES;
				GCC_C_LANGUAGE_STANDARD = gnu17;
				GCC_DYNAMIC_NO_PIC = NO;
				GCC_NO_COMMON_BLOCKS = YES;
				GCC_OPTIMIZATION_LEVEL = 0;
				GCC_PREPROCESSOR_DEFINITIONS = (
					"DEBUG=1",
					"$(inherited)",
				);
				GCC_WARN_64_TO_32_BIT_CONVERSION = YES;
				GCC_WARN_ABOUT_RETURN_TYPE = YES_ERROR;
				GCC_WARN_UNDECLARED_SELECTOR = YES;
				GCC_WARN_UNINITIALIZED_AUTOS = YES_AGGRESSIVE;
				GCC_WARN_UNUSED_FUNCTION = YES;
				GCC_WARN_UNUSED_VARIABLE = YES;
				IPHONEOS_DEPLOYMENT_TARGET = 18.2;
				LOCALIZATION_PREFERS_STRING_CATALOGS = YES;
				MTL_ENABLE_DEBUG_INFO = INCLUDE_SOURCE;
				MTL_FAST_MATH = YES;
				ONLY_ACTIVE_ARCH = YES;
				SDKROOT = iphoneos;
				SWIFT_ACTIVE_COMPILATION_CONDITIONS = "DEBUG $(inherited)";
				SWIFT_OPTIMIZATION_LEVEL = "-Onone";
			};
			name = Debug;
		};
		FE03EC062D5DEA59008E9DF5 /* Release */ = {
			isa = XCBuildConfiguration;
			buildSettings = {
				ALWAYS_SEARCH_USER_PATHS = NO;
				ASSETCATALOG_COMPILER_GENERATE_SWIFT_ASSET_SYMBOL_EXTENSIONS = YES;
				CLANG_ANALYZER_LOCALIZABILITY_NONLOCALIZED = YES;
				CLANG_ANALYZER_NONNULL = YES;
				CLANG_ANALYZER_NUMBER_OBJECT_CONVERSION = YES_AGGRESSIVE;
				CLANG_CXX_LANGUAGE_STANDARD = "gnu++20";
				CLANG_ENABLE_MODULES = YES;
				CLANG_ENABLE_OBJC_ARC = YES;
				CLANG_ENABLE_OBJC_WEAK = YES;
				CLANG_WARN_BLOCK_CAPTURE_AUTORELEASING = YES;
				CLANG_WARN_BOOL_CONVERSION = YES;
				CLANG_WARN_COMMA = YES;
				CLANG_WARN_CONSTANT_CONVERSION = YES;
				CLANG_WARN_DEPRECATED_OBJC_IMPLEMENTATIONS = YES;
				CLANG_WARN_DIRECT_OBJC_ISA_USAGE = YES_ERROR;
				CLANG_WARN_DOCUMENTATION_COMMENTS = YES;
				CLANG_WARN_EMPTY_BODY = YES;
				CLANG_WARN_ENUM_CONVERSION = YES;
				CLANG_WARN_INFINITE_RECURSION = YES;
				CLANG_WARN_INT_CONVERSION = YES;
				CLANG_WARN_NON_LITERAL_NULL_CONVERSION = YES;
				CLANG_WARN_OBJC_IMPLICIT_RETAIN_SELF = YES;
				CLANG_WARN_OBJC_LITERAL_CONVERSION = YES;
				CLANG_WARN_OBJC_ROOT_CLASS = YES_ERROR;
				CLANG_WARN_QUOTED_INCLUDE_IN_FRAMEWORK_HEADER = YES;
				CLANG_WARN_RANGE_LOOP_ANALYSIS = YES;
				CLANG_WARN_STRICT_PROTOTYPES = YES;
				CLANG_WARN_SUSPICIOUS_MOVE = YES;
				CLANG_WARN_UNGUARDED_AVAILABILITY = YES_AGGRESSIVE;
				CLANG_WARN_UNREACHABLE_CODE = YES;
				CLANG_WARN__DUPLICATE_METHOD_MATCH = YES;
				COPY_PHASE_STRIP = NO;
				DEBUG_INFORMATION_FORMAT = "dwarf-with-dsym";
				ENABLE_NS_ASSERTIONS = NO;
				ENABLE_STRICT_OBJC_MSGSEND = YES;
				ENABLE_USER_SCRIPT_SANDBOXING = YES;
				GCC_C_LANGUAGE_STANDARD = gnu17;
				GCC_NO_COMMON_BLOCKS = YES;
				GCC_WARN_64_TO_32_BIT_CONVERSION = YES;
				GCC_WARN_ABOUT_RETURN_TYPE = YES_ERROR;
				GCC_WARN_UNDECLARED_SELECTOR = YES;
				GCC_WARN_UNINITIALIZED_AUTOS = YES_AGGRESSIVE;
				GCC_WARN_UNUSED_FUNCTION = YES;
				GCC_WARN_UNUSED_VARIABLE = YES;
				IPHONEOS_DEPLOYMENT_TARGET = 18.2;
				LOCALIZATION_PREFERS_STRING_CATALOGS = YES;
				MTL_ENABLE_DEBUG_INFO = NO;
				MTL_FAST_MATH = YES;
				SDKROOT = iphoneos;
				SWIFT_COMPILATION_MODE = wholemodule;
				VALIDATE_PRODUCT = YES;
			};
			name = Release;
		};
		FE03EC082D5DEA59008E9DF5 /* Debug */ = {
			isa = XCBuildConfiguration;
			buildSettings = {
				ASSETCATALOG_COMPILER_APPICON_NAME = AppIcon;
				ASSETCATALOG_COMPILER_GLOBAL_ACCENT_COLOR_NAME = AccentColor;
				CODE_SIGN_STYLE = Automatic;
				CURRENT_PROJECT_VERSION = 1;
				DEVELOPMENT_ASSET_PATHS = "\"Joiefull/Preview Content\"";
				DEVELOPMENT_TEAM = C3825553HQ;
				ENABLE_PREVIEWS = YES;
				GENERATE_INFOPLIST_FILE = YES;
				INFOPLIST_FILE = Joiefull/Info.plist;
				INFOPLIST_KEY_UIApplicationSceneManifest_Generation = YES;
				INFOPLIST_KEY_UIApplicationSupportsIndirectInputEvents = YES;
				INFOPLIST_KEY_UILaunchScreen_Generation = YES;
				INFOPLIST_KEY_UISupportedInterfaceOrientations_iPad = "UIInterfaceOrientationPortrait UIInterfaceOrientationPortraitUpsideDown UIInterfaceOrientationLandscapeLeft UIInterfaceOrientationLandscapeRight";
				INFOPLIST_KEY_UISupportedInterfaceOrientations_iPhone = "UIInterfaceOrientationPortrait UIInterfaceOrientationLandscapeLeft UIInterfaceOrientationLandscapeRight";
				LD_RUNPATH_SEARCH_PATHS = (
					"$(inherited)",
					"@executable_path/Frameworks",
				);
				MARKETING_VERSION = 1.0;
				PRODUCT_BUNDLE_IDENTIFIER = bruno.Joiefull;
				PRODUCT_NAME = "$(TARGET_NAME)";
				SWIFT_EMIT_LOC_STRINGS = YES;
				SWIFT_VERSION = 5.0;
				TARGETED_DEVICE_FAMILY = "1,2";
			};
			name = Debug;
		};
		FE03EC092D5DEA59008E9DF5 /* Release */ = {
			isa = XCBuildConfiguration;
			buildSettings = {
				ASSETCATALOG_COMPILER_APPICON_NAME = AppIcon;
				ASSETCATALOG_COMPILER_GLOBAL_ACCENT_COLOR_NAME = AccentColor;
				CODE_SIGN_STYLE = Automatic;
				CURRENT_PROJECT_VERSION = 1;
				DEVELOPMENT_ASSET_PATHS = "\"Joiefull/Preview Content\"";
				DEVELOPMENT_TEAM = C3825553HQ;
				ENABLE_PREVIEWS = YES;
				GENERATE_INFOPLIST_FILE = YES;
				INFOPLIST_FILE = Joiefull/Info.plist;
				INFOPLIST_KEY_UIApplicationSceneManifest_Generation = YES;
				INFOPLIST_KEY_UIApplicationSupportsIndirectInputEvents = YES;
				INFOPLIST_KEY_UILaunchScreen_Generation = YES;
				INFOPLIST_KEY_UISupportedInterfaceOrientations_iPad = "UIInterfaceOrientationPortrait UIInterfaceOrientationPortraitUpsideDown UIInterfaceOrientationLandscapeLeft UIInterfaceOrientationLandscapeRight";
				INFOPLIST_KEY_UISupportedInterfaceOrientations_iPhone = "UIInterfaceOrientationPortrait UIInterfaceOrientationLandscapeLeft UIInterfaceOrientationLandscapeRight";
				LD_RUNPATH_SEARCH_PATHS = (
					"$(inherited)",
					"@executable_path/Frameworks",
				);
				MARKETING_VERSION = 1.0;
				PRODUCT_BUNDLE_IDENTIFIER = bruno.Joiefull;
				PRODUCT_NAME = "$(TARGET_NAME)";
				SWIFT_EMIT_LOC_STRINGS = YES;
				SWIFT_VERSION = 5.0;
				TARGETED_DEVICE_FAMILY = "1,2";
			};
			name = Release;
		};
		FE03EC0B2D5DEA59008E9DF5 /* Debug */ = {
			isa = XCBuildConfiguration;
			buildSettings = {
				BUNDLE_LOADER = "$(TEST_HOST)";
				CODE_SIGN_STYLE = Automatic;
				CURRENT_PROJECT_VERSION = 1;
				GENERATE_INFOPLIST_FILE = YES;
				IPHONEOS_DEPLOYMENT_TARGET = 18.2;
				MARKETING_VERSION = 1.0;
				PRODUCT_BUNDLE_IDENTIFIER = bruno.JoiefullTests;
				PRODUCT_NAME = "$(TARGET_NAME)";
				SWIFT_EMIT_LOC_STRINGS = NO;
				SWIFT_VERSION = 5.0;
				TARGETED_DEVICE_FAMILY = "1,2";
				TEST_HOST = "$(BUILT_PRODUCTS_DIR)/Joiefull.app/$(BUNDLE_EXECUTABLE_FOLDER_PATH)/Joiefull";
			};
			name = Debug;
		};
		FE03EC0C2D5DEA59008E9DF5 /* Release */ = {
			isa = XCBuildConfiguration;
			buildSettings = {
				BUNDLE_LOADER = "$(TEST_HOST)";
				CODE_SIGN_STYLE = Automatic;
				CURRENT_PROJECT_VERSION = 1;
				GENERATE_INFOPLIST_FILE = YES;
				IPHONEOS_DEPLOYMENT_TARGET = 18.2;
				MARKETING_VERSION = 1.0;
				PRODUCT_BUNDLE_IDENTIFIER = bruno.JoiefullTests;
				PRODUCT_NAME = "$(TARGET_NAME)";
				SWIFT_EMIT_LOC_STRINGS = NO;
				SWIFT_VERSION = 5.0;
				TARGETED_DEVICE_FAMILY = "1,2";
				TEST_HOST = "$(BUILT_PRODUCTS_DIR)/Joiefull.app/$(BUNDLE_EXECUTABLE_FOLDER_PATH)/Joiefull";
			};
			name = Release;
		};
		FE03EC0E2D5DEA59008E9DF5 /* Debug */ = {
			isa = XCBuildConfiguration;
			buildSettings = {
				CODE_SIGN_STYLE = Automatic;
				CURRENT_PROJECT_VERSION = 1;
				GENERATE_INFOPLIST_FILE = YES;
				MARKETING_VERSION = 1.0;
				PRODUCT_BUNDLE_IDENTIFIER = bruno.JoiefullUITests;
				PRODUCT_NAME = "$(TARGET_NAME)";
				SWIFT_EMIT_LOC_STRINGS = NO;
				SWIFT_VERSION = 5.0;
				TARGETED_DEVICE_FAMILY = "1,2";
				TEST_TARGET_NAME = Joiefull;
			};
			name = Debug;
		};
		FE03EC0F2D5DEA59008E9DF5 /* Release */ = {
			isa = XCBuildConfiguration;
			buildSettings = {
				CODE_SIGN_STYLE = Automatic;
				CURRENT_PROJECT_VERSION = 1;
				GENERATE_INFOPLIST_FILE = YES;
				MARKETING_VERSION = 1.0;
				PRODUCT_BUNDLE_IDENTIFIER = bruno.JoiefullUITests;
				PRODUCT_NAME = "$(TARGET_NAME)";
				SWIFT_EMIT_LOC_STRINGS = NO;
				SWIFT_VERSION = 5.0;
				TARGETED_DEVICE_FAMILY = "1,2";
				TEST_TARGET_NAME = Joiefull;
			};
			name = Release;
		};
/* End XCBuildConfiguration section */

/* Begin XCConfigurationList section */
		FE03EBDE2D5DEA58008E9DF5 /* Build configuration list for PBXProject "Joiefull" */ = {
			isa = XCConfigurationList;
			buildConfigurations = (
				FE03EC052D5DEA59008E9DF5 /* Debug */,
				FE03EC062D5DEA59008E9DF5 /* Release */,
			);
			defaultConfigurationIsVisible = 0;
			defaultConfigurationName = Release;
		};
		FE03EC072D5DEA59008E9DF5 /* Build configuration list for PBXNativeTarget "Joiefull" */ = {
			isa = XCConfigurationList;
			buildConfigurations = (
				FE03EC082D5DEA59008E9DF5 /* Debug */,
				FE03EC092D5DEA59008E9DF5 /* Release */,
			);
			defaultConfigurationIsVisible = 0;
			defaultConfigurationName = Release;
		};
		FE03EC0A2D5DEA59008E9DF5 /* Build configuration list for PBXNativeTarget "JoiefullTests" */ = {
			isa = XCConfigurationList;
			buildConfigurations = (
				FE03EC0B2D5DEA59008E9DF5 /* Debug */,
				FE03EC0C2D5DEA59008E9DF5 /* Release */,
			);
			defaultConfigurationIsVisible = 0;
			defaultConfigurationName = Release;
		};
		FE03EC0D2D5DEA59008E9DF5 /* Build configuration list for PBXNativeTarget "JoiefullUITests" */ = {
			isa = XCConfigurationList;
			buildConfigurations = (
				FE03EC0E2D5DEA59008E9DF5 /* Debug */,
				FE03EC0F2D5DEA59008E9DF5 /* Release */,
			);
			defaultConfigurationIsVisible = 0;
			defaultConfigurationName = Release;
		};
/* End XCConfigurationList section */
	};
	rootObject = FE03EBDB2D5DEA58008E9DF5 /* Project object */;
}
